
Microsoft Visual Studio Solution File, Format Version 12.00
# Visual Studio Version 17
VisualStudioVersion = 17.7.34024.191
MinimumVisualStudioVersion = 10.0.40219.1
Project("{9A19103F-16F7-4668-BE54-9A1E7A4F7556}") = "Laba", "Laba\Laba.csproj", "{C03F5C7B-5E9E-46E6-88BA-D3E223207000}"
EndProject
Project("{FAE04EC0-301F-11D3-BF4B-00C04F79EFBC}") = "Tests", "Tests\Tests.csproj", "{2B6C9943-66EF-4708-A2E9-7CF8EF409954}"
EndProject
Global
	GlobalSection(SolutionConfigurationPlatforms) = preSolution
		Debug|Any CPU = Debug|Any CPU
		Release|Any CPU = Release|Any CPU
	EndGlobalSection
	GlobalSection(ProjectConfigurationPlatforms) = postSolution
		{C03F5C7B-5E9E-46E6-88BA-D3E223207000}.Debug|Any CPU.ActiveCfg = Debug|Any CPU
		{C03F5C7B-5E9E-46E6-88BA-D3E223207000}.Debug|Any CPU.Build.0 = Debug|Any CPU
		{C03F5C7B-5E9E-46E6-88BA-D3E223207000}.Release|Any CPU.ActiveCfg = Release|Any CPU
		{C03F5C7B-5E9E-46E6-88BA-D3E223207000}.Release|Any CPU.Build.0 = Release|Any CPU
		{2B6C9943-66EF-4708-A2E9-7CF8EF409954}.Debug|Any CPU.ActiveCfg = Debug|Any CPU
		{2B6C9943-66EF-4708-A2E9-7CF8EF409954}.Debug|Any CPU.Build.0 = Debug|Any CPU
		{2B6C9943-66EF-4708-A2E9-7CF8EF409954}.Release|Any CPU.ActiveCfg = Release|Any CPU
		{2B6C9943-66EF-4708-A2E9-7CF8EF409954}.Release|Any CPU.Build.0 = Release|Any CPU
	EndGlobalSection
	GlobalSection(SolutionProperties) = preSolution
		HideSolutionNode = FALSE
	EndGlobalSection
	GlobalSection(ExtensibilityGlobals) = postSolution
		SolutionGuid = {622F06B1-C402-4DDF-B0A0-5B9C387360D1}
	EndGlobalSection
EndGlobal
